
Microsoft Visual Studio Solution File, Format Version 12.00
# Visual Studio Version 17
VisualStudioVersion = 17.1.32228.430
MinimumVisualStudioVersion = 10.0.40219.1
Project("{FAE04EC0-301F-11D3-BF4B-00C04F79EFBC}") = "FilterApp", "FilterApp\FilterApp.csproj", "{AA8D8E9A-C05E-47A2-A9B0-4475583718D8}"
EndProject
Global
	GlobalSection(SolutionConfigurationPlatforms) = preSolution
		Debug|Any CPU = Debug|Any CPU
		Release|Any CPU = Release|Any CPU
	EndGlobalSection
	GlobalSection(ProjectConfigurationPlatforms) = postSolution
		{AA8D8E9A-C05E-47A2-A9B0-4475583718D8}.Debug|Any CPU.ActiveCfg = Debug|Any CPU
		{AA8D8E9A-C05E-47A2-A9B0-4475583718D8}.Debug|Any CPU.Build.0 = Debug|Any CPU
		{AA8D8E9A-C05E-47A2-A9B0-4475583718D8}.Release|Any CPU.ActiveCfg = Release|Any CPU
		{AA8D8E9A-C05E-47A2-A9B0-4475583718D8}.Release|Any CPU.Build.0 = Release|Any CPU
	EndGlobalSection
	GlobalSection(SolutionProperties) = preSolution
		HideSolutionNode = FALSE
	EndGlobalSection
	GlobalSection(ExtensibilityGlobals) = postSolution
		SolutionGuid = {2B73C698-0BF3-402F-910D-C6621EF6B735}
	EndGlobalSection
EndGlobal
